{
  "name": "my-iva-project",
  "version": "1.0.0",
  "lockfileVersion": 2,
  "requires": true,
  "packages": {
    "": {
      "name": "my-iva-project",
      "version": "1.0.0",
      "license": "ISC",
      "devDependencies": {
        "@klickinc/amp-iva-boilerplate-component-briefcase": "^1.4.1",
        "@klickinc/amp-iva-boilerplate-component-clickstreamer": "^1.0.2",
        "@klickinc/amp-iva-boilerplate-component-content-swap": "^1.0.3",
        "@klickinc/amp-iva-boilerplate-component-expanding-isi": "^1.0.3",
        "@klickinc/amp-iva-boilerplate-component-hotlink": "^1.2.2",
        "@klickinc/amp-iva-boilerplate-component-isi": "^1.0.2",
        "@klickinc/amp-iva-boilerplate-component-modal": "^1.0.3",
        "@klickinc/amp-iva-boilerplate-component-swipe": "^2.2.1",
        "@klickinc/amp-iva-boilerplate-component-tabs": "^1.0.2",
        "@klickinc/amp-iva-boilerplate-component-vendor-hammerjs": "^2.0.9",
        "@klickinc/amp-iva-boilerplate-component-vendor-iscroll": "^5.2.1",
        "@klickinc/amp-iva-boilerplate-component-vendor-jquery": "^1.10.3",
        "@klickinc/amp-iva-boilerplate-component-vendor-jquery-hammer": "^2.0.1",
        "@klickinc/amp-iva-boilerplate-component-vendor-veeva-library": "^203.1.201",
        "@klickinc/amp-iva-boilerplate-component-video": "^1.0.3"
      }
    },
    "node_modules/@klickinc/amp-iva-boilerplate-component-briefcase": {
      "version": "1.4.1",
      "resolved": "https://npm.pkg.github.com/download/@klickinc/amp-iva-boilerplate-component-briefcase/1.4.1/c969922e41ed75ea4dd0e68816262f3f6bbdd92954ffe6de5ad6bb116e274e75",
      "integrity": "sha512-aAZzarIZmCWPjlG9anThja0iOeNJXfszCoML6j20QB5Re/ujiVY9a7w9aKSSrkuZTxVWVnd+tXG7CCTt8PNKrg==",
      "dev": true,
      "hasInstallScript": true,
      "license": "ISC"
    },
    "node_modules/@klickinc/amp-iva-boilerplate-component-clickstreamer": {
      "version": "1.0.2",
      "resolved": "https://npm.pkg.github.com/download/@klickinc/amp-iva-boilerplate-component-clickstreamer/1.0.2/4029981cb2e53f2aca06249643464b646a1ea144fbbcd930ab89ccb41981be3d",
      "integrity": "sha512-a85akwb5F12I5Qm9uCqic2GMqGm4PmJ9moBHzvANN/6vWWwmidEPUHuIy7EjfiCxLbTU3F2GlgiavfeFMNoMww==",
      "dev": true,
      "hasInstallScript": true,
      "license": "ISC"
    },
    "node_modules/@klickinc/amp-iva-boilerplate-component-content-swap": {
      "version": "1.0.3",
      "resolved": "https://npm.pkg.github.com/download/@klickinc/amp-iva-boilerplate-component-content-swap/1.0.3/cf78fc0fbdc13ed20d46c6455d531a5b957f4681e7d0e301b544a2037cfb3187",
      "integrity": "sha512-Mx8knH6Wssgk+3G3Ix5eyizjetUQqtt8IO1HbthGIzbooicJ/wHg168svdGff/X+Ru/78PgmRKe3eaI8C+vBug==",
      "dev": true,
      "hasInstallScript": true,
      "license": "ISC"
    },
    "node_modules/@klickinc/amp-iva-boilerplate-component-expanding-isi": {
      "version": "1.0.3",
      "resolved": "https://npm.pkg.github.com/download/@klickinc/amp-iva-boilerplate-component-expanding-isi/1.0.3/127274ec37698b228a6cf0ca3e3077449c675bc202288d283a2d48a4d4e8be32",
      "integrity": "sha512-03jigYSaBJYRXZ/Kgc6/VzxwfEgJTT0F3mm8FmCpy05Flsr4H5DjbDI6qJBtWmyAeCeeKSVO7U18qVDQ8WhVkQ==",
      "dev": true,
      "hasInstallScript": true,
      "license": "ISC"
    },
    "node_modules/@klickinc/amp-iva-boilerplate-component-hotlink": {
      "version": "1.2.2",
      "resolved": "https://npm.pkg.github.com/download/@klickinc/amp-iva-boilerplate-component-hotlink/1.2.2/07002110ef6a4a00cf3eb52b55613cac0833de837251f44650197e6ee364f347",
      "integrity": "sha512-Oz8qL9lomoF6LExvxm5zAPLiQEq1OSLG3JUjnBKShgQBzAb5W1aKUrsJ9BU66+QIW2C4fU0PNwzlbfzaUL1W9g==",
      "dev": true,
      "hasInstallScript": true,
      "license": "ISC"
    },
    "node_modules/@klickinc/amp-iva-boilerplate-component-isi": {
      "version": "1.0.2",
      "resolved": "https://npm.pkg.github.com/download/@klickinc/amp-iva-boilerplate-component-isi/1.0.2/e3ec47045e370ebe606484b3a8783883bf583a5536ae002384358bf0bc4d3794",
      "integrity": "sha512-Zix32q/C57UPKPUXzezBWyIJfueVf0uZFattnSprPXd9yCWwmhm3Br7CCj7ovlDzWjusRaofOrmgHbNxGZMJYQ==",
      "dev": true,
      "hasInstallScript": true,
      "license": "ISC"
    },
    "node_modules/@klickinc/amp-iva-boilerplate-component-modal": {
      "version": "1.0.3",
      "resolved": "https://npm.pkg.github.com/download/@klickinc/amp-iva-boilerplate-component-modal/1.0.3/756eeb552a64215686aa4633a00bc412f740f6ae93a90b40016d97a3ff3fd6bc",
      "integrity": "sha512-gKv+5J1oYRSboc968qgk9EatAcN7qCKhN5aP1zicuWtC6FgztKExgRX6+7ETgE1zV1zKwhgFqv9Ffn9o8U+8QA==",
      "dev": true,
      "hasInstallScript": true,
      "license": "ISC"
    },
    "node_modules/@klickinc/amp-iva-boilerplate-component-swipe": {
      "version": "2.2.1",
      "resolved": "https://npm.pkg.github.com/download/@klickinc/amp-iva-boilerplate-component-swipe/2.2.1/903b40ec814d6eef791bd8f5f744bf5c9dc0c001257939cc28a0bbed9c36aed0",
      "integrity": "sha512-DgndlEiFnpfevyRrUTPzVqc7578aGBsXs+bAdAzKpFVOaplo9rGzzu8xcuGsGw9IY+9xX0GgXbPdrAip7XscHg==",
      "dev": true,
      "hasInstallScript": true,
      "license": "ISC"
    },
    "node_modules/@klickinc/amp-iva-boilerplate-component-tabs": {
      "version": "1.0.2",
      "resolved": "https://npm.pkg.github.com/download/@klickinc/amp-iva-boilerplate-component-tabs/1.0.2/3128ff12789836f54faf426781b1f5f84f54f8fa3195ccf30e30e2de300b6e9d",
      "integrity": "sha512-wx7GVsWllwjVqbk+rX1kroNdUPQZFHZ4lVqTeXNACO5kDHMdPjw4fvI0xx0fb0jYtxzRlsUZTxZ61GseqrWHFg==",
      "dev": true,
      "hasInstallScript": true,
      "license": "ISC"
    },
    "node_modules/@klickinc/amp-iva-boilerplate-component-vendor-hammerjs": {
      "version": "2.0.9",
      "resolved": "https://npm.pkg.github.com/download/@klickinc/amp-iva-boilerplate-component-vendor-hammerjs/2.0.9/25446653c1a8a890c274547fdce47e981ead75439cf9f255004e44cd50982d82",
      "integrity": "sha512-AwOWNtEV2XaIlxLAnvD2Z2hMuB9OoekHrWiRQl/a3z0eLEHLApsRnNzNg/WXrIrWE8byt7RSsX1dLPitLfNrow==",
      "dev": true,
      "hasInstallScript": true,
      "license": "ISC"
    },
    "node_modules/@klickinc/amp-iva-boilerplate-component-vendor-iscroll": {
      "version": "5.2.1",
      "resolved": "https://npm.pkg.github.com/download/@klickinc/amp-iva-boilerplate-component-vendor-iscroll/5.2.1/0673aceaafa1f0be094a07587488be06dff48704c4185b96593bb686b968ba56",
      "integrity": "sha512-bNNySSJ6H8zIUqxZ1MPm9tR8T62M7lpfAbRosrM+EoUgtvYFb3ihO6uKxtWRu0Lcb2Z8s/qUe5RhsmpubyZl/A==",
      "dev": true,
      "hasInstallScript": true,
      "license": "ISC"
    },
    "node_modules/@klickinc/amp-iva-boilerplate-component-vendor-jquery": {
      "version": "1.10.3",
      "resolved": "https://npm.pkg.github.com/download/@klickinc/amp-iva-boilerplate-component-vendor-jquery/1.10.3/b670a0dd011d5d9e3f9844ca98a879429cf63f4c209e166e9c305bfe7ee4e683",
      "integrity": "sha512-KS+h4TgmnyW174i4eWToN/kgxDB6OaBEbL+UlB02OHAIdMObqMqo9UUjUrOc9OpVOVDvXcS2zT61745T92NM1A==",
      "dev": true,
      "hasInstallScript": true,
      "license": "ISC"
    },
    "node_modules/@klickinc/amp-iva-boilerplate-component-vendor-jquery-hammer": {
      "version": "2.0.1",
      "resolved": "https://npm.pkg.github.com/download/@klickinc/amp-iva-boilerplate-component-vendor-jquery-hammer/2.0.1/c5880d90b7a3bebe9a8506b159bbc9df7f99209a57663869f18df89f064da38e",
      "integrity": "sha512-LVfvpSCq1xASZpH94nFnkYeCDP6gC/fpK+ubxfxAKppCt38pJFyWvpArBmwUTjTEvYK1iDqo/Vd9eMynG+5p4A==",
      "dev": true,
      "hasInstallScript": true,
      "license": "ISC"
    },
    "node_modules/@klickinc/amp-iva-boilerplate-component-vendor-veeva-library": {
      "version": "203.1.201",
      "resolved": "https://npm.pkg.github.com/download/@klickinc/amp-iva-boilerplate-component-vendor-veeva-library/203.1.201/8dc4d7dd9cc140326b06ba7746bd46df023b918c5d8b2359b171059304bdacbe",
      "integrity": "sha512-5MyFx+JcFfbm+VPS0swzdxmMir3lP5tNseuhiivNwH3Gly2u0zXDp59NqCkSotAEndgbbxEUBq3KGwAjQp1bmQ==",
      "dev": true,
      "hasInstallScript": true,
      "license": "ISC"
    },
    "node_modules/@klickinc/amp-iva-boilerplate-component-video": {
      "version": "1.0.3",
      "resolved": "https://npm.pkg.github.com/download/@klickinc/amp-iva-boilerplate-component-video/1.0.3/963f2ce2a1fec93786060715ed61102e8de7d014e31db39d6dcdcbc4c68451a5",
      "integrity": "sha512-lLG3OkGhZ71jUxllvRElgl0CLwqFS1BDUhTcbnh/t7FOoMbkLrDRbSgWS4FLuFZLfaaPi3qqZCgtidpiQ50zbg==",
      "dev": true,
      "hasInstallScript": true,
      "license": "ISC"
    }
  },
  "dependencies": {
    "@klickinc/amp-iva-boilerplate-component-briefcase": {
      "version": "1.4.1",
      "resolved": "https://npm.pkg.github.com/download/@klickinc/amp-iva-boilerplate-component-briefcase/1.4.1/c969922e41ed75ea4dd0e68816262f3f6bbdd92954ffe6de5ad6bb116e274e75",
      "integrity": "sha512-aAZzarIZmCWPjlG9anThja0iOeNJXfszCoML6j20QB5Re/ujiVY9a7w9aKSSrkuZTxVWVnd+tXG7CCTt8PNKrg==",
      "dev": true
    },
    "@klickinc/amp-iva-boilerplate-component-clickstreamer": {
      "version": "1.0.2",
      "resolved": "https://npm.pkg.github.com/download/@klickinc/amp-iva-boilerplate-component-clickstreamer/1.0.2/4029981cb2e53f2aca06249643464b646a1ea144fbbcd930ab89ccb41981be3d",
      "integrity": "sha512-a85akwb5F12I5Qm9uCqic2GMqGm4PmJ9moBHzvANN/6vWWwmidEPUHuIy7EjfiCxLbTU3F2GlgiavfeFMNoMww==",
      "dev": true
    },
    "@klickinc/amp-iva-boilerplate-component-content-swap": {
      "version": "1.0.3",
      "resolved": "https://npm.pkg.github.com/download/@klickinc/amp-iva-boilerplate-component-content-swap/1.0.3/cf78fc0fbdc13ed20d46c6455d531a5b957f4681e7d0e301b544a2037cfb3187",
      "integrity": "sha512-Mx8knH6Wssgk+3G3Ix5eyizjetUQqtt8IO1HbthGIzbooicJ/wHg168svdGff/X+Ru/78PgmRKe3eaI8C+vBug==",
      "dev": true
    },
    "@klickinc/amp-iva-boilerplate-component-expanding-isi": {
      "version": "1.0.3",
      "resolved": "https://npm.pkg.github.com/download/@klickinc/amp-iva-boilerplate-component-expanding-isi/1.0.3/127274ec37698b228a6cf0ca3e3077449c675bc202288d283a2d48a4d4e8be32",
      "integrity": "sha512-03jigYSaBJYRXZ/Kgc6/VzxwfEgJTT0F3mm8FmCpy05Flsr4H5DjbDI6qJBtWmyAeCeeKSVO7U18qVDQ8WhVkQ==",
      "dev": true
    },
    "@klickinc/amp-iva-boilerplate-component-hotlink": {
      "version": "1.2.2",
      "resolved": "https://npm.pkg.github.com/download/@klickinc/amp-iva-boilerplate-component-hotlink/1.2.2/07002110ef6a4a00cf3eb52b55613cac0833de837251f44650197e6ee364f347",
      "integrity": "sha512-Oz8qL9lomoF6LExvxm5zAPLiQEq1OSLG3JUjnBKShgQBzAb5W1aKUrsJ9BU66+QIW2C4fU0PNwzlbfzaUL1W9g==",
      "dev": true
    },
    "@klickinc/amp-iva-boilerplate-component-isi": {
      "version": "1.0.2",
      "resolved": "https://npm.pkg.github.com/download/@klickinc/amp-iva-boilerplate-component-isi/1.0.2/e3ec47045e370ebe606484b3a8783883bf583a5536ae002384358bf0bc4d3794",
      "integrity": "sha512-Zix32q/C57UPKPUXzezBWyIJfueVf0uZFattnSprPXd9yCWwmhm3Br7CCj7ovlDzWjusRaofOrmgHbNxGZMJYQ==",
      "dev": true
    },
    "@klickinc/amp-iva-boilerplate-component-modal": {
      "version": "1.0.3",
      "resolved": "https://npm.pkg.github.com/download/@klickinc/amp-iva-boilerplate-component-modal/1.0.3/756eeb552a64215686aa4633a00bc412f740f6ae93a90b40016d97a3ff3fd6bc",
      "integrity": "sha512-gKv+5J1oYRSboc968qgk9EatAcN7qCKhN5aP1zicuWtC6FgztKExgRX6+7ETgE1zV1zKwhgFqv9Ffn9o8U+8QA==",
      "dev": true
    },
    "@klickinc/amp-iva-boilerplate-component-swipe": {
      "version": "2.2.1",
      "resolved": "https://npm.pkg.github.com/download/@klickinc/amp-iva-boilerplate-component-swipe/2.2.1/903b40ec814d6eef791bd8f5f744bf5c9dc0c001257939cc28a0bbed9c36aed0",
      "integrity": "sha512-DgndlEiFnpfevyRrUTPzVqc7578aGBsXs+bAdAzKpFVOaplo9rGzzu8xcuGsGw9IY+9xX0GgXbPdrAip7XscHg==",
      "dev": true
    },
    "@klickinc/amp-iva-boilerplate-component-tabs": {
      "version": "1.0.2",
      "resolved": "https://npm.pkg.github.com/download/@klickinc/amp-iva-boilerplate-component-tabs/1.0.2/3128ff12789836f54faf426781b1f5f84f54f8fa3195ccf30e30e2de300b6e9d",
      "integrity": "sha512-wx7GVsWllwjVqbk+rX1kroNdUPQZFHZ4lVqTeXNACO5kDHMdPjw4fvI0xx0fb0jYtxzRlsUZTxZ61GseqrWHFg==",
      "dev": true
    },
    "@klickinc/amp-iva-boilerplate-component-vendor-hammerjs": {
      "version": "2.0.9",
      "resolved": "https://npm.pkg.github.com/download/@klickinc/amp-iva-boilerplate-component-vendor-hammerjs/2.0.9/25446653c1a8a890c274547fdce47e981ead75439cf9f255004e44cd50982d82",
      "integrity": "sha512-AwOWNtEV2XaIlxLAnvD2Z2hMuB9OoekHrWiRQl/a3z0eLEHLApsRnNzNg/WXrIrWE8byt7RSsX1dLPitLfNrow==",
      "dev": true
    },
    "@klickinc/amp-iva-boilerplate-component-vendor-iscroll": {
      "version": "5.2.1",
      "resolved": "https://npm.pkg.github.com/download/@klickinc/amp-iva-boilerplate-component-vendor-iscroll/5.2.1/0673aceaafa1f0be094a07587488be06dff48704c4185b96593bb686b968ba56",
      "integrity": "sha512-bNNySSJ6H8zIUqxZ1MPm9tR8T62M7lpfAbRosrM+EoUgtvYFb3ihO6uKxtWRu0Lcb2Z8s/qUe5RhsmpubyZl/A==",
      "dev": true
    },
    "@klickinc/amp-iva-boilerplate-component-vendor-jquery": {
      "version": "1.10.3",
      "resolved": "https://npm.pkg.github.com/download/@klickinc/amp-iva-boilerplate-component-vendor-jquery/1.10.3/b670a0dd011d5d9e3f9844ca98a879429cf63f4c209e166e9c305bfe7ee4e683",
      "integrity": "sha512-KS+h4TgmnyW174i4eWToN/kgxDB6OaBEbL+UlB02OHAIdMObqMqo9UUjUrOc9OpVOVDvXcS2zT61745T92NM1A==",
      "dev": true
    },
    "@klickinc/amp-iva-boilerplate-component-vendor-jquery-hammer": {
      "version": "2.0.1",
      "resolved": "https://npm.pkg.github.com/download/@klickinc/amp-iva-boilerplate-component-vendor-jquery-hammer/2.0.1/c5880d90b7a3bebe9a8506b159bbc9df7f99209a57663869f18df89f064da38e",
      "integrity": "sha512-LVfvpSCq1xASZpH94nFnkYeCDP6gC/fpK+ubxfxAKppCt38pJFyWvpArBmwUTjTEvYK1iDqo/Vd9eMynG+5p4A==",
      "dev": true
    },
    "@klickinc/amp-iva-boilerplate-component-vendor-veeva-library": {
      "version": "203.1.201",
      "resolved": "https://npm.pkg.github.com/download/@klickinc/amp-iva-boilerplate-component-vendor-veeva-library/203.1.201/8dc4d7dd9cc140326b06ba7746bd46df023b918c5d8b2359b171059304bdacbe",
      "integrity": "sha512-5MyFx+JcFfbm+VPS0swzdxmMir3lP5tNseuhiivNwH3Gly2u0zXDp59NqCkSotAEndgbbxEUBq3KGwAjQp1bmQ==",
      "dev": true
    },
    "@klickinc/amp-iva-boilerplate-component-video": {
      "version": "1.0.3",
      "resolved": "https://npm.pkg.github.com/download/@klickinc/amp-iva-boilerplate-component-video/1.0.3/963f2ce2a1fec93786060715ed61102e8de7d014e31db39d6dcdcbc4c68451a5",
      "integrity": "sha512-lLG3OkGhZ71jUxllvRElgl0CLwqFS1BDUhTcbnh/t7FOoMbkLrDRbSgWS4FLuFZLfaaPi3qqZCgtidpiQ50zbg==",
      "dev": true
    }
  }
}
